
Microsoft Visual Studio Solution File, Format Version 12.00
# Visual Studio Version 16
VisualStudioVersion = 16.0.30804.86
MinimumVisualStudioVersion = 10.0.40219.1
Project("{9A19103F-16F7-4668-BE54-9A1E7A4F7556}") = "EFCCoreNewFeatues", "EFCCoreNewFeatues.csproj", "{9ABDA31E-399B-4542-B593-588F3734300D}"
EndProject
Project("{00D1A9C2-B5F0-4AF3-8072-F6C62B433612}") = "SQL", "..\SQL\SQL.sqlproj", "{DF73DACF-9C60-42BD-B814-D5B7416A0A22}"
EndProject
Global
	GlobalSection(SolutionConfigurationPlatforms) = preSolution
		Debug|Any CPU = Debug|Any CPU
		Release|Any CPU = Release|Any CPU
	EndGlobalSection
	GlobalSection(ProjectConfigurationPlatforms) = postSolution
		{9ABDA31E-399B-4542-B593-588F3734300D}.Debug|Any CPU.ActiveCfg = Debug|Any CPU
		{9ABDA31E-399B-4542-B593-588F3734300D}.Debug|Any CPU.Build.0 = Debug|Any CPU
		{9ABDA31E-399B-4542-B593-588F3734300D}.Release|Any CPU.ActiveCfg = Release|Any CPU
		{9ABDA31E-399B-4542-B593-588F3734300D}.Release|Any CPU.Build.0 = Release|Any CPU
		{DF73DACF-9C60-42BD-B814-D5B7416A0A22}.Debug|Any CPU.ActiveCfg = Debug|Any CPU
		{DF73DACF-9C60-42BD-B814-D5B7416A0A22}.Debug|Any CPU.Build.0 = Debug|Any CPU
		{DF73DACF-9C60-42BD-B814-D5B7416A0A22}.Debug|Any CPU.Deploy.0 = Debug|Any CPU
		{DF73DACF-9C60-42BD-B814-D5B7416A0A22}.Release|Any CPU.ActiveCfg = Release|Any CPU
		{DF73DACF-9C60-42BD-B814-D5B7416A0A22}.Release|Any CPU.Build.0 = Release|Any CPU
		{DF73DACF-9C60-42BD-B814-D5B7416A0A22}.Release|Any CPU.Deploy.0 = Release|Any CPU
	EndGlobalSection
	GlobalSection(SolutionProperties) = preSolution
		HideSolutionNode = FALSE
	EndGlobalSection
	GlobalSection(ExtensibilityGlobals) = postSolution
		SolutionGuid = {25D53A34-84DE-47D5-8CFE-C38D8678845D}
	EndGlobalSection
EndGlobal
